{
  "name": "pixelwar-1",
  "version": "1.0.0",
  "lockfileVersion": 3,
  "requires": true,
  "packages": {
    "": {
      "name": "pixelwar-1",
      "version": "1.0.0",
      "license": "ISC",
      "dependencies": {
        "coreroute": "^1.4.0"
      }
    },
    "node_modules/coreroute": {
      "version": "1.4.0",
      "resolved": "https://registry.npmjs.org/coreroute/-/coreroute-1.4.0.tgz",
      "integrity": "sha512-ixtF+YRacAmb/d2AN3rt/g4PnHWF+nHwQ5/FM8luCGfvrsFXhtUMPtvf1rCAkXniwQY/dJWu7WXUcslTp8gYJg==",
      "license": "GPL-3.0-or-later"
    }
  }
}
